
Microsoft Visual Studio Solution File, Format Version 12.00
# Visual Studio Version 16
VisualStudioVersion = 16.0.30711.63
MinimumVisualStudioVersion = 10.0.40219.1
Project("{FAE04EC0-301F-11D3-BF4B-00C04F79EFBC}") = "MarkBalisi.ThirdQuarterlyAssessment", "MarkBalisi.ThirdQuarterlyAssessment\MarkBalisi.ThirdQuarterlyAssessment.csproj", "{CE1D54BA-8CB1-474A-B37E-D09F72B07661}"
EndProject
Global
	GlobalSection(SolutionConfigurationPlatforms) = preSolution
		Debug|Any CPU = Debug|Any CPU
		Release|Any CPU = Release|Any CPU
	EndGlobalSection
	GlobalSection(ProjectConfigurationPlatforms) = postSolution
		{CE1D54BA-8CB1-474A-B37E-D09F72B07661}.Debug|Any CPU.ActiveCfg = Debug|Any CPU
		{CE1D54BA-8CB1-474A-B37E-D09F72B07661}.Debug|Any CPU.Build.0 = Debug|Any CPU
		{CE1D54BA-8CB1-474A-B37E-D09F72B07661}.Release|Any CPU.ActiveCfg = Release|Any CPU
		{CE1D54BA-8CB1-474A-B37E-D09F72B07661}.Release|Any CPU.Build.0 = Release|Any CPU
	EndGlobalSection
	GlobalSection(SolutionProperties) = preSolution
		HideSolutionNode = FALSE
	EndGlobalSection
	GlobalSection(ExtensibilityGlobals) = postSolution
		SolutionGuid = {A6C99B21-DAA9-474A-B6B4-AD20A670AB7C}
	EndGlobalSection
EndGlobal
